// !$*UTF8*$!
{
	archiveVersion = 1;
	classes = {
	};
	objectVersion = 46;
	objects = {

/* Begin PBXBuildFile section */
		718AD06D1F228ADE00356D2A /* AppDelegate.swift in Sources */ = {isa = PBXBuildFile; fileRef = 718AD06C1F228ADE00356D2A /* AppDelegate.swift */; };
		718AD06F1F228ADE00356D2A /* ViewController.swift in Sources */ = {isa = PBXBuildFile; fileRef = 718AD06E1F228ADE00356D2A /* ViewController.swift */; };
		718AD0721F228ADE00356D2A /* Main.storyboard in Resources */ = {isa = PBXBuildFile; fileRef = 718AD0701F228ADE00356D2A /* Main.storyboard */; };
		718AD0741F228ADE00356D2A /* Assets.xcassets in Resources */ = {isa = PBXBuildFile; fileRef = 718AD0731F228ADE00356D2A /* Assets.xcassets */; };
		718AD0771F228ADE00356D2A /* LaunchScreen.storyboard in Resources */ = {isa = PBXBuildFile; fileRef = 718AD0751F228ADE00356D2A /* LaunchScreen.storyboard */; };
		718AD0821F228ADE00356D2A /* ToDoTests.swift in Sources */ = {isa = PBXBuildFile; fileRef = 718AD0811F228ADE00356D2A /* ToDoTests.swift */; };
/* End PBXBuildFile section */

/* Begin PBXContainerItemProxy section */
		718AD07E1F228ADE00356D2A /* PBXContainerItemProxy */ = {
			isa = PBXContainerItemProxy;
			containerPortal = 718AD0611F228ADE00356D2A /* Project object */;
			proxyType = 1;
			remoteGlobalIDString = 718AD0681F228ADE00356D2A;
			remoteInfo = ToDo;
		};
/* End PBXContainerItemProxy section */

/* Begin PBXFileReference section */
		718AD0691F228ADE00356D2A /* ToDo.app */ = {isa = PBXFileReference; explicitFileType = wrapper.application; includeInIndex = 0; path = ToDo.app; sourceTree = BUILT_PRODUCTS_DIR; };
		718AD06C1F228ADE00356D2A /* AppDelegate.swift */ = {isa = PBXFileReference; lastKnownFileType = sourcecode.swift; path = AppDelegate.swift; sourceTree = "<group>"; };
		718AD06E1F228ADE00356D2A /* ViewController.swift */ = {isa = PBXFileReference; lastKnownFileType = sourcecode.swift; path = ViewController.swift; sourceTree = "<group>"; };
		718AD0711F228ADE00356D2A /* Base */ = {isa = PBXFileReference; lastKnownFileType = file.storyboard; name = Base; path = Base.lproj/Main.storyboard; sourceTree = "<group>"; };
		718AD0731F228ADE00356D2A /* Assets.xcassets */ = {isa = PBXFileReference; lastKnownFileType = folder.assetcatalog; path = Assets.xcassets; sourceTree = "<group>"; };
		718AD0761F228ADE00356D2A /* Base */ = {isa = PBXFileReference; lastKnownFileType = file.storyboard; name = Base; path = Base.lproj/LaunchScreen.storyboard; sourceTree = "<group>"; };
		718AD0781F228ADE00356D2A /* Info.plist */ = {isa = PBXFileReference; lastKnownFileType = text.plist.xml; path = Info.plist; sourceTree = "<group>"; };
		718AD07D1F228ADE00356D2A /* ToDoTests.xctest */ = {isa = PBXFileReference; explicitFileType = wrapper.cfbundle; includeInIndex = 0; path = ToDoTests.xctest; sourceTree = BUILT_PRODUCTS_DIR; };
		718AD0811F228ADE00356D2A /* ToDoTests.swift */ = {isa = PBXFileReference; lastKnownFileType = sourcecode.swift; path = ToDoTests.swift; sourceTree = "<group>"; };
		718AD0831F228ADE00356D2A /* Info.plist */ = {isa = PBXFileReference; lastKnownFileType = text.plist.xml; path = Info.plist; sourceTree = "<group>"; };
/* End PBXFileReference section */

/* Begin PBXFrameworksBuildPhase section */
		718AD0661F228ADE00356D2A /* Frameworks */ = {
			isa = PBXFrameworksBuildPhase;
			buildActionMask = 2147483647;
			files = (
			);
			runOnlyForDeploymentPostprocessing = 0;
		};
		718AD07A1F228ADE00356D2A /* Frameworks */ = {
			isa = PBXFrameworksBuildPhase;
			buildActionMask = 2147483647;
			files = (
			);
			runOnlyForDeploymentPostprocessing = 0;
		};
/* End PBXFrameworksBuildPhase section */

/* Begin PBXGroup section */
		718AD0601F228ADE00356D2A = {
			isa = PBXGroup;
			children = (
				718AD06B1F228ADE00356D2A /* ToDo */,
				718AD0801F228ADE00356D2A /* ToDoTests */,
				718AD06A1F228ADE00356D2A /* Products */,
			);
			sourceTree = "<group>";
		};
		718AD06A1F228ADE00356D2A /* Products */ = {
			isa = PBXGroup;
			children = (
				718AD0691F228ADE00356D2A /* ToDo.app */,
				718AD07D1F228ADE00356D2A /* ToDoTests.xctest */,
			);
			name = Products;
			sourceTree = "<group>";
		};
		718AD06B1F228ADE00356D2A /* ToDo */ = {
			isa = PBXGroup;
			children = (
				718AD06C1F228ADE00356D2A /* AppDelegate.swift */,
				718AD06E1F228ADE00356D2A /* ViewController.swift */,
				718AD0701F228ADE00356D2A /* Main.storyboard */,
				718AD0731F228ADE00356D2A /* Assets.xcassets */,
				718AD0751F228ADE00356D2A /* LaunchScreen.storyboard */,
				718AD0781F228ADE00356D2A /* Info.plist */,
			);
			path = ToDo;
			sourceTree = "<group>";
		};
		718AD0801F228ADE00356D2A /* ToDoTests */ = {
			isa = PBXGroup;
			children = (
				718AD0811F228ADE00356D2A /* ToDoTests.swift */,
				718AD0831F228ADE00356D2A /* Info.plist */,
			);
			path = ToDoTests;
			sourceTree = "<group>";
		};
/* End PBXGroup section */

/* Begin PBXNativeTarget section */
		718AD0681F228ADE00356D2A /* ToDo */ = {
			isa = PBXNativeTarget;
			buildConfigurationList = 718AD0861F228ADE00356D2A /* Build configuration list for PBXNativeTarget "ToDo" */;
			buildPhases = (
				718AD0651F228ADE00356D2A /* Sources */,
				718AD0661F228ADE00356D2A /* Frameworks */,
				718AD0671F228ADE00356D2A /* Resources */,
			);
			buildRules = (
			);
			dependencies = (
			);
			name = ToDo;
			productName = ToDo;
			productReference = 718AD0691F228ADE00356D2A /* ToDo.app */;
			productType = "com.apple.product-type.application";
		};
		718AD07C1F228ADE00356D2A /* ToDoTests */ = {
			isa = PBXNativeTarget;
			buildConfigurationList = 718AD0891F228ADE00356D2A /* Build configuration list for PBXNativeTarget "ToDoTests" */;
			buildPhases = (
				718AD0791F228ADE00356D2A /* Sources */,
				718AD07A1F228ADE00356D2A /* Frameworks */,
				718AD07B1F228ADE00356D2A /* Resources */,
			);
			buildRules = (
			);
			dependencies = (
				718AD07F1F228ADE00356D2A /* PBXTargetDependency */,
			);
			name = ToDoTests;
			productName = ToDoTests;
			productReference = 718AD07D1F228ADE00356D2A /* ToDoTests.xctest */;
			productType = "com.apple.product-type.bundle.unit-test";
		};
/* End PBXNativeTarget section */

/* Begin PBXProject section */
		718AD0611F228ADE00356D2A /* Project object */ = {
			isa = PBXProject;
			attributes = {
				LastSwiftUpdateCheck = 0830;
				LastUpgradeCheck = 0830;
				ORGANIZATIONNAME = "Detroit Labs";
				TargetAttributes = {
					718AD0681F228ADE00356D2A = {
						CreatedOnToolsVersion = 8.3.3;
						ProvisioningStyle = Automatic;
					};
					718AD07C1F228ADE00356D2A = {
						CreatedOnToolsVersion = 8.3.3;
						ProvisioningStyle = Automatic;
						TestTargetID = 718AD0681F228ADE00356D2A;
					};
				};
			};
			buildConfigurationList = 718AD0641F228ADE00356D2A /* Build configuration list for PBXProject "ToDo" */;
			compatibilityVersion = "Xcode 3.2";
			developmentRegion = English;
			hasScannedForEncodings = 0;
			knownRegions = (
				en,
				Base,
			);
			mainGroup = 718AD0601F228ADE00356D2A;
			productRefGroup = 718AD06A1F228ADE00356D2A /* Products */;
			projectDirPath = "";
			projectRoot = "";
			targets = (
				718AD0681F228ADE00356D2A /* ToDo */,
				718AD07C1F228ADE00356D2A /* ToDoTests */,
			);
		};
/* End PBXProject section */

/* Begin PBXResourcesBuildPhase section */
		718AD0671F228ADE00356D2A /* Resources */ = {
			isa = PBXResourcesBuildPhase;
			buildActionMask = 2147483647;
			files = (
				718AD0771F228ADE00356D2A /* LaunchScreen.storyboard in Resources */,
				718AD0741F228ADE00356D2A /* Assets.xcassets in Resources */,
				718AD0721F228ADE00356D2A /* Main.storyboard in Resources */,
			);
			runOnlyForDeploymentPostprocessing = 0;
		};
		718AD07B1F228ADE00356D2A /* Resources */ = {
			isa = PBXResourcesBuildPhase;
			buildActionMask = 2147483647;
			files = (
			);
			runOnlyForDeploymentPostprocessing = 0;
		};
/* End PBXResourcesBuildPhase section */

/* Begin PBXSourcesBuildPhase section */
		718AD0651F228ADE00356D2A /* Sources */ = {
			isa = PBXSourcesBuildPhase;
			buildActionMask = 2147483647;
			files = (
				718AD06F1F228ADE00356D2A /* ViewController.swift in Sources */,
				718AD06D1F228ADE00356D2A /* AppDelegate.swift in Sources */,
			);
			runOnlyForDeploymentPostprocessing = 0;
		};
		718AD0791F228ADE00356D2A /* Sources */ = {
			isa = PBXSourcesBuildPhase;
			buildActionMask = 2147483647;
			files = (
				718AD0821F228ADE00356D2A /* ToDoTests.swift in Sources */,
			);
			runOnlyForDeploymentPostprocessing = 0;
		};
/* End PBXSourcesBuildPhase section */

/* Begin PBXTargetDependency section */
		718AD07F1F228ADE00356D2A /* PBXTargetDependency */ = {
			isa = PBXTargetDependency;
			target = 718AD0681F228ADE00356D2A /* ToDo */;
			targetProxy = 718AD07E1F228ADE00356D2A /* PBXContainerItemProxy */;
		};
/* End PBXTargetDependency section */

/* Begin PBXVariantGroup section */
		718AD0701F228ADE00356D2A /* Main.storyboard */ = {
			isa = PBXVariantGroup;
			children = (
				718AD0711F228ADE00356D2A /* Base */,
			);
			name = Main.storyboard;
			sourceTree = "<group>";
		};
		718AD0751F228ADE00356D2A /* LaunchScreen.storyboard */ = {
			isa = PBXVariantGroup;
			children = (
				718AD0761F228ADE00356D2A /* Base */,
			);
			name = LaunchScreen.storyboard;
			sourceTree = "<group>";
		};
/* End PBXVariantGroup section */

/* Begin XCBuildConfiguration section */
		718AD0841F228ADE00356D2A /* Debug */ = {
			isa = XCBuildConfiguration;
			buildSettings = {
				ALWAYS_SEARCH_USER_PATHS = NO;
				CLANG_ANALYZER_NONNULL = YES;
				CLANG_ANALYZER_NUMBER_OBJECT_CONVERSION = YES_AGGRESSIVE;
				CLANG_CXX_LANGUAGE_STANDARD = "gnu++0x";
				CLANG_CXX_LIBRARY = "libc++";
				CLANG_ENABLE_MODULES = YES;
				CLANG_ENABLE_OBJC_ARC = YES;
				CLANG_WARN_BOOL_CONVERSION = YES;
				CLANG_WARN_CONSTANT_CONVERSION = YES;
				CLANG_WARN_DIRECT_OBJC_ISA_USAGE = YES_ERROR;
				CLANG_WARN_DOCUMENTATION_COMMENTS = YES;
				CLANG_WARN_EMPTY_BODY = YES;
				CLANG_WARN_ENUM_CONVERSION = YES;
				CLANG_WARN_INFINITE_RECURSION = YES;
				CLANG_WARN_INT_CONVERSION = YES;
				CLANG_WARN_OBJC_ROOT_CLASS = YES_ERROR;
				CLANG_WARN_SUSPICIOUS_MOVE = YES;
				CLANG_WARN_UNREACHABLE_CODE = YES;
				CLANG_WARN__DUPLICATE_METHOD_MATCH = YES;
				"CODE_SIGN_IDENTITY[sdk=iphoneos*]" = "iPhone Developer";
				COPY_PHASE_STRIP = NO;
				DEBUG_INFORMATION_FORMAT = dwarf;
				ENABLE_STRICT_OBJC_MSGSEND = YES;
				ENABLE_TESTABILITY = YES;
				GCC_C_LANGUAGE_STANDARD = gnu99;
				GCC_DYNAMIC_NO_PIC = NO;
				GCC_NO_COMMON_BLOCKS = YES;
				GCC_OPTIMIZATION_LEVEL = 0;
				GCC_PREPROCESSOR_DEFINITIONS = (
					"DEBUG=1",
					"$(inherited)",
				);
				GCC_WARN_64_TO_32_BIT_CONVERSION = YES;
				GCC_WARN_ABOUT_RETURN_TYPE = YES_ERROR;
				GCC_WARN_UNDECLARED_SELECTOR = YES;
				GCC_WARN_UNINITIALIZED_AUTOS = YES_AGGRESSIVE;
				GCC_WARN_UNUSED_FUNCTION = YES;
				GCC_WARN_UNUSED_VARIABLE = YES;
				IPHONEOS_DEPLOYMENT_TARGET = 10.3;
				MTL_ENABLE_DEBUG_INFO = YES;
				ONLY_ACTIVE_ARCH = YES;
				SDKROOT = iphoneos;
				SWIFT_ACTIVE_COMPILATION_CONDITIONS = DEBUG;
				SWIFT_OPTIMIZATION_LEVEL = "-Onone";
				TARGETED_DEVICE_FAMILY = "1,2";
			};
			name = Debug;
		};
		718AD0851F228ADE00356D2A /* Release */ = {
			isa = XCBuildConfiguration;
			buildSettings = {
				ALWAYS_SEARCH_USER_PATHS = NO;
				CLANG_ANALYZER_NONNULL = YES;
				CLANG_ANALYZER_NUMBER_OBJECT_CONVERSION = YES_AGGRESSIVE;
				CLANG_CXX_LANGUAGE_STANDARD = "gnu++0x";
				CLANG_CXX_LIBRARY = "libc++";
				CLANG_ENABLE_MODULES = YES;
				CLANG_ENABLE_OBJC_ARC = YES;
				CLANG_WARN_BOOL_CONVERSION = YES;
				CLANG_WARN_CONSTANT_CONVERSION = YES;
				CLANG_WARN_DIRECT_OBJC_ISA_USAGE = YES_ERROR;
				CLANG_WARN_DOCUMENTATION_COMMENTS = YES;
				CLANG_WARN_EMPTY_BODY = YES;
				CLANG_WARN_ENUM_CONVERSION = YES;
				CLANG_WARN_INFINITE_RECURSION = YES;
				CLANG_WARN_INT_CONVERSION = YES;
				CLANG_WARN_OBJC_ROOT_CLASS = YES_ERROR;
				CLANG_WARN_SUSPICIOUS_MOVE = YES;
				CLANG_WARN_UNREACHABLE_CODE = YES;
				CLANG_WARN__DUPLICATE_METHOD_MATCH = YES;
				"CODE_SIGN_IDENTITY[sdk=iphoneos*]" = "iPhone Developer";
				COPY_PHASE_STRIP = NO;
				DEBUG_INFORMATION_FORMAT = "dwarf-with-dsym";
				ENABLE_NS_ASSERTIONS = NO;
				ENABLE_STRICT_OBJC_MSGSEND = YES;
				GCC_C_LANGUAGE_STANDARD = gnu99;
				GCC_NO_COMMON_BLOCKS = YES;
				GCC_WARN_64_TO_32_BIT_CONVERSION = YES;
				GCC_WARN_ABOUT_RETURN_TYPE = YES_ERROR;
				GCC_WARN_UNDECLARED_SELECTOR = YES;
				GCC_WARN_UNINITIALIZED_AUTOS = YES_AGGRESSIVE;
				GCC_WARN_UNUSED_FUNCTION = YES;
				GCC_WARN_UNUSED_VARIABLE = YES;
				IPHONEOS_DEPLOYMENT_TARGET = 10.3;
				MTL_ENABLE_DEBUG_INFO = NO;
				SDKROOT = iphoneos;
				SWIFT_OPTIMIZATION_LEVEL = "-Owholemodule";
				TARGETED_DEVICE_FAMILY = "1,2";
				VALIDATE_PRODUCT = YES;
			};
			name = Release;
		};
		718AD0871F228ADE00356D2A /* Debug */ = {
			isa = XCBuildConfiguration;
			buildSettings = {
				ASSETCATALOG_COMPILER_APPICON_NAME = AppIcon;
				INFOPLIST_FILE = ToDo/Info.plist;
				LD_RUNPATH_SEARCH_PATHS = "$(inherited) @executable_path/Frameworks";
				PRODUCT_BUNDLE_IDENTIFIER = com.detroitlabs.ToDo;
				PRODUCT_NAME = "$(TARGET_NAME)";
				SWIFT_VERSION = 3.0;
			};
			name = Debug;
		};
		718AD0881F228ADE00356D2A /* Release */ = {
			isa = XCBuildConfiguration;
			buildSettings = {
				ASSETCATALOG_COMPILER_APPICON_NAME = AppIcon;
				INFOPLIST_FILE = ToDo/Info.plist;
				LD_RUNPATH_SEARCH_PATHS = "$(inherited) @executable_path/Frameworks";
				PRODUCT_BUNDLE_IDENTIFIER = com.detroitlabs.ToDo;
				PRODUCT_NAME = "$(TARGET_NAME)";
				SWIFT_VERSION = 3.0;
			};
			name = Release;
		};
		718AD08A1F228ADE00356D2A /* Debug */ = {
			isa = XCBuildConfiguration;
			buildSettings = {
				ALWAYS_EMBED_SWIFT_STANDARD_LIBRARIES = YES;
				BUNDLE_LOADER = "$(TEST_HOST)";
				INFOPLIST_FILE = ToDoTests/Info.plist;
				LD_RUNPATH_SEARCH_PATHS = "$(inherited) @executable_path/Frameworks @loader_path/Frameworks";
				PRODUCT_BUNDLE_IDENTIFIER = com.detroitlabs.ToDoTests;
				PRODUCT_NAME = "$(TARGET_NAME)";
				SWIFT_VERSION = 3.0;
				TEST_HOST = "$(BUILT_PRODUCTS_DIR)/ToDo.app/ToDo";
			};
			name = Debug;
		};
		718AD08B1F228ADE00356D2A /* Release */ = {
			isa = XCBuildConfiguration;
			buildSettings = {
				ALWAYS_EMBED_SWIFT_STANDARD_LIBRARIES = YES;
				BUNDLE_LOADER = "$(TEST_HOST)";
				INFOPLIST_FILE = ToDoTests/Info.plist;
				LD_RUNPATH_SEARCH_PATHS = "$(inherited) @executable_path/Frameworks @loader_path/Frameworks";
				PRODUCT_BUNDLE_IDENTIFIER = com.detroitlabs.ToDoTests;
				PRODUCT_NAME = "$(TARGET_NAME)";
				SWIFT_VERSION = 3.0;
				TEST_HOST = "$(BUILT_PRODUCTS_DIR)/ToDo.app/ToDo";
			};
			name = Release;
		};
/* End XCBuildConfiguration section */

/* Begin XCConfigurationList section */
		718AD0641F228ADE00356D2A /* Build configuration list for PBXProject "ToDo" */ = {
			isa = XCConfigurationList;
			buildConfigurations = (
				718AD0841F228ADE00356D2A /* Debug */,
				718AD0851F228ADE00356D2A /* Release */,
			);
			defaultConfigurationIsVisible = 0;
			defaultConfigurationName = Release;
		};
		718AD0861F228ADE00356D2A /* Build configuration list for PBXNativeTarget "ToDo" */ = {
			isa = XCConfigurationList;
			buildConfigurations = (
				718AD0871F228ADE00356D2A /* Debug */,
				718AD0881F228ADE00356D2A /* Release */,
			);
			defaultConfigurationIsVisible = 0;
		};
		718AD0891F228ADE00356D2A /* Build configuration list for PBXNativeTarget "ToDoTests" */ = {
			isa = XCConfigurationList;
			buildConfigurations = (
				718AD08A1F228ADE00356D2A /* Debug */,
				718AD08B1F228ADE00356D2A /* Release */,
			);
			defaultConfigurationIsVisible = 0;
		};
/* End XCConfigurationList section */
	};
	rootObject = 718AD0611F228ADE00356D2A /* Project object */;
}
